# generated by rye
# use `rye lock` or `rye sync` to update this lockfile
#
# last locked with the following flags:
#   pre: false
#   features: []
#   all-features: false
#   with-sources: false

-e file:.
annotated-types==0.7.0
    # via pydantic
anyio==4.4.0
    # via httpx
cachetools==5.3.3
    # via google-auth
certifi==2024.6.2
    # via httpcore
    # via httpx
    # via requests
charset-normalizer==3.3.2
    # via requests
google-ai-generativelanguage==0.6.4
    # via google-generativeai
google-api-core==2.19.0
    # via google-ai-generativelanguage
    # via google-api-python-client
    # via google-generativeai
google-api-python-client==2.131.0
    # via google-generativeai
google-auth==2.29.0
    # via google-ai-generativelanguage
    # via google-api-core
    # via google-api-python-client
    # via google-auth-httplib2
    # via google-generativeai
google-auth-httplib2==0.2.0
    # via google-api-python-client
google-generativeai==0.6.0
    # via bot-itika
googleapis-common-protos==1.63.1
    # via google-api-core
    # via grpcio-status
grpcio==1.64.1
    # via google-api-core
    # via grpcio-status
grpcio-status==1.62.2
    # via google-api-core
h11==0.14.0
    # via httpcore
httpcore==1.0.5
    # via httpx
httplib2==0.22.0
    # via google-api-python-client
    # via google-auth-httplib2
httpx==0.27.0
    # via bot-itika
idna==3.7
    # via anyio
    # via httpx
    # via requests
proto-plus==1.23.0
    # via google-ai-generativelanguage
    # via google-api-core
protobuf==4.25.3
    # via google-ai-generativelanguage
    # via google-api-core
    # via google-generativeai
    # via googleapis-common-protos
    # via grpcio-status
    # via proto-plus
pyasn1==0.6.0
    # via pyasn1-modules
    # via rsa
pyasn1-modules==0.4.0
    # via google-auth
pydantic==2.7.3
    # via google-generativeai
pydantic-core==2.18.4
    # via pydantic
pyparsing==3.1.2
    # via httplib2
requests==2.32.3
    # via google-api-core
rsa==4.9
    # via google-auth
sniffio==1.3.1
    # via anyio
    # via httpx
tqdm==4.66.4
    # via google-generativeai
typing-extensions==4.12.1
    # via google-generativeai
    # via pydantic
    # via pydantic-core
uritemplate==4.1.1
    # via google-api-python-client
urllib3==2.2.1
    # via requests
